DEPENDENCIES
  base
    path: cookbooks/base
  ecom-docs
    path: cookbooks/ecom-docs
  ecom-platform
    path: cookbooks/ecom-platform
  go
    git: https://github.com/ThoughtWorksInc/go-cookbook.git
    revision: bedb74fc6710eaaf88ed3ccf3c55b0bfd0ffcd98
  go-ci
    path: cookbooks/go-ci
  library
    path: cookbooks/library
  nat_server
    path: cookbooks/nat_server
  proxy
    path: cookbooks/proxy
  teamcity
    git: https://github.com/hschaeidt/teamcity-cookbook.git
    revision: 7e732cb344682c32b077c00e5610df8d10a6ebb8
  teamcity-ci
    path: cookbooks/teamcity-ci
  vpn
    path: cookbooks/vpn

GRAPH
  apt (2.7.0)
  base (0.0.4)
    datadog (>= 0.0.0)
    ntp (>= 0.0.0)
    sudo (>= 0.0.0)
    users (>= 0.0.0)
  bluepill (2.3.1)
    rsyslog (>= 0.0.0)
  build-essential (2.2.3)
  chef-sugar (3.1.1)
  chef_handler (1.1.9)
  datadog (2.1.0)
    apt (>= 0.0.0)
    chef_handler (~> 1.1.0)
    yum (>= 0.0.0)
  dmg (2.2.2)
  ecom-docs (0.1.6)
    base (>= 0.0.0)
    library (>= 0.0.0)
  ecom-platform (0.1.14)
    base (>= 0.0.0)
    library (>= 0.0.0)
  git (4.2.2)
    build-essential (>= 0.0.0)
    dmg (>= 0.0.0)
    windows (>= 0.0.0)
    yum-epel (>= 0.0.0)
  go (0.2.3)
    apt (>= 1.9.2)
    java (>= 1.10.0)
    windows (>= 1.2.6)
    yum (>= 3.0.0)
  go-ci (0.1.7)
    go (>= 0.0.0)
    htpasswd (>= 0.0.0)
    library (>= 0.0.0)
    postgresql (>= 0.0.0)
    rbenv (>= 0.0.0)
  htpasswd (0.2.4)
    python (>= 0.0.0)
  iptables (1.0.0)
  java (1.31.0)
  library (0.0.18)
    datadog (>= 0.0.0)
    logrotate (>= 0.0.0)
    nginx (>= 0.0.0)
    postgresql (>= 0.0.0)
  logrotate (1.9.2)
  nat_server (0.1.3)
    iptables (>= 0.0.0)
  nginx (2.7.6)
    apt (~> 2.2)
    bluepill (~> 2.3)
    build-essential (~> 2.0)
    ohai (~> 2.0)
    runit (~> 1.2)
    yum-epel (~> 0.3)
  ntp (1.8.6)
  ohai (2.0.1)
  openssl (4.2.0)
    chef-sugar (>= 0.0.0)
  openvpn (2.1.0)
    yum (~> 3.0)
    yum-epel (>= 0.0.0)
  packagecloud (0.0.19)
  postgresql (3.4.16)
    apt (>= 1.9.0)
    build-essential (>= 0.0.0)
    openssl (>= 0.0.0)
  proxy (0.1.6)
    datadog (>= 0.0.0)
    iptables (>= 0.0.0)
    library (>= 0.0.0)
  python (1.4.6)
    build-essential (>= 0.0.0)
    yum-epel (>= 0.0.0)
  rbenv (1.7.1)
    apt (>= 0.0.0)
    build-essential (>= 0.0.0)
    git (>= 0.0.0)
    ohai (>= 1.1)
  rsyslog (2.0.0)
  runit (1.7.2)
    packagecloud (>= 0.0.0)
  sudo (2.7.1)
  teamcity (0.2.2)
    apt (~> 2.0)
    yum (~> 3.0)
  teamcity-ci (0.1.2)
    datadog (>= 0.0.0)
    java (>= 0.0.0)
    library (>= 0.0.0)
    rbenv (>= 0.0.0)
    teamcity (>= 0.0.0)
  users (1.8.2)
  vpn (0.0.3)
    library (>= 0.0.0)
    openvpn (>= 0.0.0)
  windows (1.37.0)
    chef_handler (>= 0.0.0)
  yum (3.6.1)
  yum-epel (0.6.0)
    yum (~> 3.0)
