DEPENDENCIES
  apt
    git: https://github.com/opscode-cookbooks/apt.git
    revision: 8bee2c21fc6beec1556a2d4ea359cdf49a49c5b5
  base
    path: cookbooks/base
  datadog (= 1.1.1)
  dns_updater
    path: cookbooks/dns_updater
  ecom-docs
    path: cookbooks/ecom-docs
  ecom-platform
    path: cookbooks/ecom-platform
  emami_memcached
    path: cookbooks/emami_memcached
  emr
    path: cookbooks/emr
  go
    git: https://github.com/ThoughtWorksInc/go-cookbook.git
    revision: 84eb2d00948eee581e55a44421929329e61d2157
  go-ci
    path: cookbooks/go-ci
  library
    path: cookbooks/library
  memcached
    git: https://github.com/opscode-cookbooks/memcached.git
    revision: 207eb2b81460a18846f0d183dce129d0ed97e42c
  nat_server
    path: cookbooks/nat_server
  postgresql
    git: https://github.com/hw-cookbooks/postgresql.git
    revision: 6584a0c05572b52992723705a4afc827e63016ba
  proxy
    path: cookbooks/proxy
  teamcity
    git: https://github.com/hschaeidt/teamcity-cookbook.git
    revision: 50035ef4d1aa54577bb07fc1ffd92f30ee8e61d4
  teamcity-ci
    path: cookbooks/teamcity-ci
  vpn
    path: cookbooks/vpn

GRAPH
  apt (2.9.2)
  base (0.0.7)
    datadog (>= 0.0.0)
    ntp (>= 0.0.0)
    sudo (>= 0.0.0)
    users (>= 0.0.0)
  bluepill (2.4.1)
    rsyslog (~> 2.0)
  build-essential (2.2.4)
  chef-sugar (3.1.1)
  chef_handler (1.1.9)
  compat_resource (12.5.14)
  datadog (1.1.1)
    apt (>= 0.0.0)
    chef_handler (~> 1.1.0)
    yum (>= 0.0.0)
  dmg (2.3.0)
  dns_updater (0.1.5)
  ecom-docs (0.1.8)
    base (>= 0.0.0)
    library (>= 0.0.0)
  ecom-platform (0.1.27)
    base (>= 0.0.0)
    library (>= 0.0.0)
  emami_memcached (0.1.0)
    memcached (>= 0.0.0)
  emr (0.1.7)
    base (>= 0.0.0)
    library (>= 0.0.0)
  git (4.3.4)
    build-essential (>= 0.0.0)
    dmg (>= 0.0.0)
    windows (>= 0.0.0)
    yum-epel (>= 0.0.0)
  go (0.2.3)
    apt (>= 1.9.2)
    java (>= 1.10.0)
    windows (>= 1.2.6)
    yum (>= 3.0.0)
  go-ci (0.1.8)
    go (>= 0.0.0)
    htpasswd (>= 0.0.0)
    library (>= 0.0.0)
    postgresql (>= 0.0.0)
    rbenv (>= 0.0.0)
  htpasswd (0.2.4)
    python (>= 0.0.0)
  iptables (2.0.1)
    compat_resource (>= 0.0.0)
  java (1.36.0)
    apt (>= 0.0.0)
  library (0.0.36)
    datadog (>= 0.0.0)
    logrotate (>= 0.0.0)
    nginx (>= 0.0.0)
    postgresql (>= 0.0.0)
  logrotate (1.9.2)
  memcached (2.0.2)
    compat_resource (>= 0.0.0)
    runit (~> 1.0)
    yum-epel (>= 0.0.0)
  nat_server (0.1.13)
    iptables (>= 0.0.0)
    vpn (>= 0.0.0)
  nginx (2.7.6)
    apt (~> 2.2)
    bluepill (~> 2.3)
    build-essential (~> 2.0)
    ohai (~> 2.0)
    runit (~> 1.2)
    yum-epel (~> 0.3)
  ntp (1.8.6)
  ohai (2.0.4)
  openssl (4.4.0)
    chef-sugar (>= 3.1.1)
  openvpn (2.1.0)
    yum (~> 3.0)
    yum-epel (>= 0.0.0)
  packagecloud (0.1.1)
  postgresql (3.4.24)
    apt (>= 1.9.0)
    build-essential (>= 0.0.0)
    openssl (~> 4.0)
  proxy (0.1.16)
    datadog (>= 0.0.0)
    iptables (>= 0.0.0)
    library (>= 0.0.0)
  python (1.4.6)
    build-essential (>= 0.0.0)
    yum-epel (>= 0.0.0)
  rbenv (1.7.1)
    apt (>= 0.0.0)
    build-essential (>= 0.0.0)
    git (>= 0.0.0)
    ohai (>= 1.1)
  rsyslog (2.2.0)
  runit (1.7.4)
    packagecloud (>= 0.0.0)
  sudo (2.7.2)
  teamcity (0.2.2)
    apt (~> 2.0)
    yum (~> 3.0)
  teamcity-ci (0.1.7)
    datadog (>= 0.0.0)
    java (>= 0.0.0)
    library (>= 0.0.0)
    rbenv (>= 0.0.0)
    teamcity (>= 0.0.0)
  users (1.8.2)
  vpn (0.0.5)
    library (>= 0.0.0)
    openvpn (>= 0.0.0)
  windows (1.38.4)
    chef_handler (>= 0.0.0)
  yum (3.8.2)
  yum-epel (0.6.5)
    yum (~> 3.2)
