DEPENDENCIES
  nat_server
    path: cookbooks/nat_server
  vpn
    path: cookbooks/vpn

GRAPH
  iptables (1.0.0)
  nat_server (0.1.3)
    iptables (>= 0.0.0)
  openvpn (2.1.0)
    yum (~> 3.0)
    yum-epel (>= 0.0.0)
  vpn (0.0.1)
    openvpn (>= 0.0.0)
  yum (3.6.1)
  yum-epel (0.6.0)
    yum (~> 3.0)
